// !$*UTF8*$!
{
	archiveVersion = 1;
	classes = {
	};
	objectVersion = 50;
	objects = {

/* Begin PBXBuildFile section */
		29B224D1236C98DE0026BFFA /* AppDelegate.swift in Sources */ = {isa = PBXBuildFile; fileRef = 29B224D0236C98DE0026BFFA /* AppDelegate.swift */; };
		29B224D3236C98DE0026BFFA /* SceneDelegate.swift in Sources */ = {isa = PBXBuildFile; fileRef = 29B224D2236C98DE0026BFFA /* SceneDelegate.swift */; };
		29B224D5236C98DE0026BFFA /* ContentView.swift in Sources */ = {isa = PBXBuildFile; fileRef = 29B224D4236C98DE0026BFFA /* ContentView.swift */; };
		29B224D7236C98E10026BFFA /* Assets.xcassets in Resources */ = {isa = PBXBuildFile; fileRef = 29B224D6236C98E10026BFFA /* Assets.xcassets */; };
		29B224DA236C98E10026BFFA /* Preview Assets.xcassets in Resources */ = {isa = PBXBuildFile; fileRef = 29B224D9236C98E10026BFFA /* Preview Assets.xcassets */; };
		29B224DD236C98E10026BFFA /* LaunchScreen.storyboard in Resources */ = {isa = PBXBuildFile; fileRef = 29B224DB236C98E10026BFFA /* LaunchScreen.storyboard */; };
		29B224E8236C98E20026BFFA /* CampusSafariTests.swift in Sources */ = {isa = PBXBuildFile; fileRef = 29B224E7236C98E20026BFFA /* CampusSafariTests.swift */; };
		29B224F3236C98E20026BFFA /* CampusSafariUITests.swift in Sources */ = {isa = PBXBuildFile; fileRef = 29B224F2236C98E20026BFFA /* CampusSafariUITests.swift */; };
/* End PBXBuildFile section */

/* Begin PBXContainerItemProxy section */
		29B224E4236C98E20026BFFA /* PBXContainerItemProxy */ = {
			isa = PBXContainerItemProxy;
			containerPortal = 29B224C5236C98DE0026BFFA /* Project object */;
			proxyType = 1;
			remoteGlobalIDString = 29B224CC236C98DE0026BFFA;
			remoteInfo = CampusSafari;
		};
		29B224EF236C98E20026BFFA /* PBXContainerItemProxy */ = {
			isa = PBXContainerItemProxy;
			containerPortal = 29B224C5236C98DE0026BFFA /* Project object */;
			proxyType = 1;
			remoteGlobalIDString = 29B224CC236C98DE0026BFFA;
			remoteInfo = CampusSafari;
		};
/* End PBXContainerItemProxy section */

/* Begin PBXFileReference section */
		29B224CD236C98DE0026BFFA /* CampusSafari.app */ = {isa = PBXFileReference; explicitFileType = wrapper.application; includeInIndex = 0; path = CampusSafari.app; sourceTree = BUILT_PRODUCTS_DIR; };
		29B224D0236C98DE0026BFFA /* AppDelegate.swift */ = {isa = PBXFileReference; lastKnownFileType = sourcecode.swift; path = AppDelegate.swift; sourceTree = "<group>"; };
		29B224D2236C98DE0026BFFA /* SceneDelegate.swift */ = {isa = PBXFileReference; lastKnownFileType = sourcecode.swift; path = SceneDelegate.swift; sourceTree = "<group>"; };
		29B224D4236C98DE0026BFFA /* ContentView.swift */ = {isa = PBXFileReference; lastKnownFileType = sourcecode.swift; path = ContentView.swift; sourceTree = "<group>"; };
		29B224D6236C98E10026BFFA /* Assets.xcassets */ = {isa = PBXFileReference; lastKnownFileType = folder.assetcatalog; path = Assets.xcassets; sourceTree = "<group>"; };
		29B224D9236C98E10026BFFA /* Preview Assets.xcassets */ = {isa = PBXFileReference; lastKnownFileType = folder.assetcatalog; path = "Preview Assets.xcassets"; sourceTree = "<group>"; };
		29B224DC236C98E10026BFFA /* Base */ = {isa = PBXFileReference; lastKnownFileType = file.storyboard; name = Base; path = Base.lproj/LaunchScreen.storyboard; sourceTree = "<group>"; };
		29B224DE236C98E20026BFFA /* Info.plist */ = {isa = PBXFileReference; lastKnownFileType = text.plist.xml; path = Info.plist; sourceTree = "<group>"; };
		29B224E3236C98E20026BFFA /* CampusSafariTests.xctest */ = {isa = PBXFileReference; explicitFileType = wrapper.cfbundle; includeInIndex = 0; path = CampusSafariTests.xctest; sourceTree = BUILT_PRODUCTS_DIR; };
		29B224E7236C98E20026BFFA /* CampusSafariTests.swift */ = {isa = PBXFileReference; lastKnownFileType = sourcecode.swift; path = CampusSafariTests.swift; sourceTree = "<group>"; };
		29B224E9236C98E20026BFFA /* Info.plist */ = {isa = PBXFileReference; lastKnownFileType = text.plist.xml; path = Info.plist; sourceTree = "<group>"; };
		29B224EE236C98E20026BFFA /* CampusSafariUITests.xctest */ = {isa = PBXFileReference; explicitFileType = wrapper.cfbundle; includeInIndex = 0; path = CampusSafariUITests.xctest; sourceTree = BUILT_PRODUCTS_DIR; };
		29B224F2236C98E20026BFFA /* CampusSafariUITests.swift */ = {isa = PBXFileReference; lastKnownFileType = sourcecode.swift; path = CampusSafariUITests.swift; sourceTree = "<group>"; };
		29B224F4236C98E20026BFFA /* Info.plist */ = {isa = PBXFileReference; lastKnownFileType = text.plist.xml; path = Info.plist; sourceTree = "<group>"; };
/* End PBXFileReference section */

/* Begin PBXFrameworksBuildPhase section */
		29B224CA236C98DE0026BFFA /* Frameworks */ = {
			isa = PBXFrameworksBuildPhase;
			buildActionMask = 2147483647;
			files = (
			);
			runOnlyForDeploymentPostprocessing = 0;
		};
		29B224E0236C98E20026BFFA /* Frameworks */ = {
			isa = PBXFrameworksBuildPhase;
			buildActionMask = 2147483647;
			files = (
			);
			runOnlyForDeploymentPostprocessing = 0;
		};
		29B224EB236C98E20026BFFA /* Frameworks */ = {
			isa = PBXFrameworksBuildPhase;
			buildActionMask = 2147483647;
			files = (
			);
			runOnlyForDeploymentPostprocessing = 0;
		};
/* End PBXFrameworksBuildPhase section */

/* Begin PBXGroup section */
		29B224C4236C98DE0026BFFA = {
			isa = PBXGroup;
			children = (
				29B224CF236C98DE0026BFFA /* CampusSafari */,
				29B224E6236C98E20026BFFA /* CampusSafariTests */,
				29B224F1236C98E20026BFFA /* CampusSafariUITests */,
				29B224CE236C98DE0026BFFA /* Products */,
			);
			sourceTree = "<group>";
		};
		29B224CE236C98DE0026BFFA /* Products */ = {
			isa = PBXGroup;
			children = (
				29B224CD236C98DE0026BFFA /* CampusSafari.app */,
				29B224E3236C98E20026BFFA /* CampusSafariTests.xctest */,
				29B224EE236C98E20026BFFA /* CampusSafariUITests.xctest */,
			);
			name = Products;
			sourceTree = "<group>";
		};
		29B224CF236C98DE0026BFFA /* CampusSafari */ = {
			isa = PBXGroup;
			children = (
				29B224D0236C98DE0026BFFA /* AppDelegate.swift */,
				29B224D2236C98DE0026BFFA /* SceneDelegate.swift */,
				29B224D4236C98DE0026BFFA /* ContentView.swift */,
				29B224D6236C98E10026BFFA /* Assets.xcassets */,
				29B224DB236C98E10026BFFA /* LaunchScreen.storyboard */,
				29B224DE236C98E20026BFFA /* Info.plist */,
				29B224D8236C98E10026BFFA /* Preview Content */,
			);
			path = CampusSafari;
			sourceTree = "<group>";
		};
		29B224D8236C98E10026BFFA /* Preview Content */ = {
			isa = PBXGroup;
			children = (
				29B224D9236C98E10026BFFA /* Preview Assets.xcassets */,
			);
			path = "Preview Content";
			sourceTree = "<group>";
		};
		29B224E6236C98E20026BFFA /* CampusSafariTests */ = {
			isa = PBXGroup;
			children = (
				29B224E7236C98E20026BFFA /* CampusSafariTests.swift */,
				29B224E9236C98E20026BFFA /* Info.plist */,
			);
			path = CampusSafariTests;
			sourceTree = "<group>";
		};
		29B224F1236C98E20026BFFA /* CampusSafariUITests */ = {
			isa = PBXGroup;
			children = (
				29B224F2236C98E20026BFFA /* CampusSafariUITests.swift */,
				29B224F4236C98E20026BFFA /* Info.plist */,
			);
			path = CampusSafariUITests;
			sourceTree = "<group>";
		};
/* End PBXGroup section */

/* Begin PBXNativeTarget section */
		29B224CC236C98DE0026BFFA /* CampusSafari */ = {
			isa = PBXNativeTarget;
			buildConfigurationList = 29B224F7236C98E20026BFFA /* Build configuration list for PBXNativeTarget "CampusSafari" */;
			buildPhases = (
				29B224C9236C98DE0026BFFA /* Sources */,
				29B224CA236C98DE0026BFFA /* Frameworks */,
				29B224CB236C98DE0026BFFA /* Resources */,
			);
			buildRules = (
			);
			dependencies = (
			);
			name = CampusSafari;
			productName = CampusSafari;
			productReference = 29B224CD236C98DE0026BFFA /* CampusSafari.app */;
			productType = "com.apple.product-type.application";
		};
		29B224E2236C98E20026BFFA /* CampusSafariTests */ = {
			isa = PBXNativeTarget;
			buildConfigurationList = 29B224FA236C98E20026BFFA /* Build configuration list for PBXNativeTarget "CampusSafariTests" */;
			buildPhases = (
				29B224DF236C98E20026BFFA /* Sources */,
				29B224E0236C98E20026BFFA /* Frameworks */,
				29B224E1236C98E20026BFFA /* Resources */,
			);
			buildRules = (
			);
			dependencies = (
				29B224E5236C98E20026BFFA /* PBXTargetDependency */,
			);
			name = CampusSafariTests;
			productName = CampusSafariTests;
			productReference = 29B224E3236C98E20026BFFA /* CampusSafariTests.xctest */;
			productType = "com.apple.product-type.bundle.unit-test";
		};
		29B224ED236C98E20026BFFA /* CampusSafariUITests */ = {
			isa = PBXNativeTarget;
			buildConfigurationList = 29B224FD236C98E20026BFFA /* Build configuration list for PBXNativeTarget "CampusSafariUITests" */;
			buildPhases = (
				29B224EA236C98E20026BFFA /* Sources */,
				29B224EB236C98E20026BFFA /* Frameworks */,
				29B224EC236C98E20026BFFA /* Resources */,
			);
			buildRules = (
			);
			dependencies = (
				29B224F0236C98E20026BFFA /* PBXTargetDependency */,
			);
			name = CampusSafariUITests;
			productName = CampusSafariUITests;
			productReference = 29B224EE236C98E20026BFFA /* CampusSafariUITests.xctest */;
			productType = "com.apple.product-type.bundle.ui-testing";
		};
/* End PBXNativeTarget section */

/* Begin PBXProject section */
		29B224C5236C98DE0026BFFA /* Project object */ = {
			isa = PBXProject;
			attributes = {
				LastSwiftUpdateCheck = 1120;
				LastUpgradeCheck = 1120;
				ORGANIZATIONNAME = "Team 9323";
				TargetAttributes = {
					29B224CC236C98DE0026BFFA = {
						CreatedOnToolsVersion = 11.2;
					};
					29B224E2236C98E20026BFFA = {
						CreatedOnToolsVersion = 11.2;
						TestTargetID = 29B224CC236C98DE0026BFFA;
					};
					29B224ED236C98E20026BFFA = {
						CreatedOnToolsVersion = 11.2;
						TestTargetID = 29B224CC236C98DE0026BFFA;
					};
				};
			};
			buildConfigurationList = 29B224C8236C98DE0026BFFA /* Build configuration list for PBXProject "CampusSafari" */;
			compatibilityVersion = "Xcode 9.3";
			developmentRegion = en;
			hasScannedForEncodings = 0;
			knownRegions = (
				en,
				Base,
			);
			mainGroup = 29B224C4236C98DE0026BFFA;
			productRefGroup = 29B224CE236C98DE0026BFFA /* Products */;
			projectDirPath = "";
			projectRoot = "";
			targets = (
				29B224CC236C98DE0026BFFA /* CampusSafari */,
				29B224E2236C98E20026BFFA /* CampusSafariTests */,
				29B224ED236C98E20026BFFA /* CampusSafariUITests */,
			);
		};
/* End PBXProject section */

/* Begin PBXResourcesBuildPhase section */
		29B224CB236C98DE0026BFFA /* Resources */ = {
			isa = PBXResourcesBuildPhase;
			buildActionMask = 2147483647;
			files = (
				29B224DD236C98E10026BFFA /* LaunchScreen.storyboard in Resources */,
				29B224DA236C98E10026BFFA /* Preview Assets.xcassets in Resources */,
				29B224D7236C98E10026BFFA /* Assets.xcassets in Resources */,
			);
			runOnlyForDeploymentPostprocessing = 0;
		};
		29B224E1236C98E20026BFFA /* Resources */ = {
			isa = PBXResourcesBuildPhase;
			buildActionMask = 2147483647;
			files = (
			);
			runOnlyForDeploymentPostprocessing = 0;
		};
		29B224EC236C98E20026BFFA /* Resources */ = {
			isa = PBXResourcesBuildPhase;
			buildActionMask = 2147483647;
			files = (
			);
			runOnlyForDeploymentPostprocessing = 0;
		};
/* End PBXResourcesBuildPhase section */

/* Begin PBXSourcesBuildPhase section */
		29B224C9236C98DE0026BFFA /* Sources */ = {
			isa = PBXSourcesBuildPhase;
			buildActionMask = 2147483647;
			files = (
				29B224D1236C98DE0026BFFA /* AppDelegate.swift in Sources */,
				29B224D3236C98DE0026BFFA /* SceneDelegate.swift in Sources */,
				29B224D5236C98DE0026BFFA /* ContentView.swift in Sources */,
			);
			runOnlyForDeploymentPostprocessing = 0;
		};
		29B224DF236C98E20026BFFA /* Sources */ = {
			isa = PBXSourcesBuildPhase;
			buildActionMask = 2147483647;
			files = (
				29B224E8236C98E20026BFFA /* CampusSafariTests.swift in Sources */,
			);
			runOnlyForDeploymentPostprocessing = 0;
		};
		29B224EA236C98E20026BFFA /* Sources */ = {
			isa = PBXSourcesBuildPhase;
			buildActionMask = 2147483647;
			files = (
				29B224F3236C98E20026BFFA /* CampusSafariUITests.swift in Sources */,
			);
			runOnlyForDeploymentPostprocessing = 0;
		};
/* End PBXSourcesBuildPhase section */

/* Begin PBXTargetDependency section */
		29B224E5236C98E20026BFFA /* PBXTargetDependency */ = {
			isa = PBXTargetDependency;
			target = 29B224CC236C98DE0026BFFA /* CampusSafari */;
			targetProxy = 29B224E4236C98E20026BFFA /* PBXContainerItemProxy */;
		};
		29B224F0236C98E20026BFFA /* PBXTargetDependency */ = {
			isa = PBXTargetDependency;
			target = 29B224CC236C98DE0026BFFA /* CampusSafari */;
			targetProxy = 29B224EF236C98E20026BFFA /* PBXContainerItemProxy */;
		};
/* End PBXTargetDependency section */

/* Begin PBXVariantGroup section */
		29B224DB236C98E10026BFFA /* LaunchScreen.storyboard */ = {
			isa = PBXVariantGroup;
			children = (
				29B224DC236C98E10026BFFA /* Base */,
			);
			name = LaunchScreen.storyboard;
			sourceTree = "<group>";
		};
/* End PBXVariantGroup section */

/* Begin XCBuildConfiguration section */
		29B224F5236C98E20026BFFA /* Debug */ = {
			isa = XCBuildConfiguration;
			buildSettings = {
				ALWAYS_SEARCH_USER_PATHS = NO;
				CLANG_ANALYZER_NONNULL = YES;
				CLANG_ANALYZER_NUMBER_OBJECT_CONVERSION = YES_AGGRESSIVE;
				CLANG_CXX_LANGUAGE_STANDARD = "gnu++14";
				CLANG_CXX_LIBRARY = "libc++";
				CLANG_ENABLE_MODULES = YES;
				CLANG_ENABLE_OBJC_ARC = YES;
				CLANG_ENABLE_OBJC_WEAK = YES;
				CLANG_WARN_BLOCK_CAPTURE_AUTORELEASING = YES;
				CLANG_WARN_BOOL_CONVERSION = YES;
				CLANG_WARN_COMMA = YES;
				CLANG_WARN_CONSTANT_CONVERSION = YES;
				CLANG_WARN_DEPRECATED_OBJC_IMPLEMENTATIONS = YES;
				CLANG_WARN_DIRECT_OBJC_ISA_USAGE = YES_ERROR;
				CLANG_WARN_DOCUMENTATION_COMMENTS = YES;
				CLANG_WARN_EMPTY_BODY = YES;
				CLANG_WARN_ENUM_CONVERSION = YES;
				CLANG_WARN_INFINITE_RECURSION = YES;
				CLANG_WARN_INT_CONVERSION = YES;
				CLANG_WARN_NON_LITERAL_NULL_CONVERSION = YES;
				CLANG_WARN_OBJC_IMPLICIT_RETAIN_SELF = YES;
				CLANG_WARN_OBJC_LITERAL_CONVERSION = YES;
				CLANG_WARN_OBJC_ROOT_CLASS = YES_ERROR;
				CLANG_WARN_RANGE_LOOP_ANALYSIS = YES;
				CLANG_WARN_STRICT_PROTOTYPES = YES;
				CLANG_WARN_SUSPICIOUS_MOVE = YES;
				CLANG_WARN_UNGUARDED_AVAILABILITY = YES_AGGRESSIVE;
				CLANG_WARN_UNREACHABLE_CODE = YES;
				CLANG_WARN__DUPLICATE_METHOD_MATCH = YES;
				COPY_PHASE_STRIP = NO;
				DEBUG_INFORMATION_FORMAT = dwarf;
				ENABLE_STRICT_OBJC_MSGSEND = YES;
				ENABLE_TESTABILITY = YES;
				GCC_C_LANGUAGE_STANDARD = gnu11;
				GCC_DYNAMIC_NO_PIC = NO;
				GCC_NO_COMMON_BLOCKS = YES;
				GCC_OPTIMIZATION_LEVEL = 0;
				GCC_PREPROCESSOR_DEFINITIONS = (
					"DEBUG=1",
					"$(inherited)",
				);
				GCC_WARN_64_TO_32_BIT_CONVERSION = YES;
				GCC_WARN_ABOUT_RETURN_TYPE = YES_ERROR;
				GCC_WARN_UNDECLARED_SELECTOR = YES;
				GCC_WARN_UNINITIALIZED_AUTOS = YES_AGGRESSIVE;
				GCC_WARN_UNUSED_FUNCTION = YES;
				GCC_WARN_UNUSED_VARIABLE = YES;
				IPHONEOS_DEPLOYMENT_TARGET = 13.2;
				MTL_ENABLE_DEBUG_INFO = INCLUDE_SOURCE;
				MTL_FAST_MATH = YES;
				ONLY_ACTIVE_ARCH = YES;
				SDKROOT = iphoneos;
				SWIFT_ACTIVE_COMPILATION_CONDITIONS = DEBUG;
				SWIFT_OPTIMIZATION_LEVEL = "-Onone";
			};
			name = Debug;
		};
		29B224F6236C98E20026BFFA /* Release */ = {
			isa = XCBuildConfiguration;
			buildSettings = {
				ALWAYS_SEARCH_USER_PATHS = NO;
				CLANG_ANALYZER_NONNULL = YES;
				CLANG_ANALYZER_NUMBER_OBJECT_CONVERSION = YES_AGGRESSIVE;
				CLANG_CXX_LANGUAGE_STANDARD = "gnu++14";
				CLANG_CXX_LIBRARY = "libc++";
				CLANG_ENABLE_MODULES = YES;
				CLANG_ENABLE_OBJC_ARC = YES;
				CLANG_ENABLE_OBJC_WEAK = YES;
				CLANG_WARN_BLOCK_CAPTURE_AUTORELEASING = YES;
				CLANG_WARN_BOOL_CONVERSION = YES;
				CLANG_WARN_COMMA = YES;
				CLANG_WARN_CONSTANT_CONVERSION = YES;
				CLANG_WARN_DEPRECATED_OBJC_IMPLEMENTATIONS = YES;
				CLANG_WARN_DIRECT_OBJC_ISA_USAGE = YES_ERROR;
				CLANG_WARN_DOCUMENTATION_COMMENTS = YES;
				CLANG_WARN_EMPTY_BODY = YES;
				CLANG_WARN_ENUM_CONVERSION = YES;
				CLANG_WARN_INFINITE_RECURSION = YES;
				CLANG_WARN_INT_CONVERSION = YES;
				CLANG_WARN_NON_LITERAL_NULL_CONVERSION = YES;
				CLANG_WARN_OBJC_IMPLICIT_RETAIN_SELF = YES;
				CLANG_WARN_OBJC_LITERAL_CONVERSION = YES;
				CLANG_WARN_OBJC_ROOT_CLASS = YES_ERROR;
				CLANG_WARN_RANGE_LOOP_ANALYSIS = YES;
				CLANG_WARN_STRICT_PROTOTYPES = YES;
				CLANG_WARN_SUSPICIOUS_MOVE = YES;
				CLANG_WARN_UNGUARDED_AVAILABILITY = YES_AGGRESSIVE;
				CLANG_WARN_UNREACHABLE_CODE = YES;
				CLANG_WARN__DUPLICATE_METHOD_MATCH = YES;
				COPY_PHASE_STRIP = NO;
				DEBUG_INFORMATION_FORMAT = "dwarf-with-dsym";
				ENABLE_NS_ASSERTIONS = NO;
				ENABLE_STRICT_OBJC_MSGSEND = YES;
				GCC_C_LANGUAGE_STANDARD = gnu11;
				GCC_NO_COMMON_BLOCKS = YES;
				GCC_WARN_64_TO_32_BIT_CONVERSION = YES;
				GCC_WARN_ABOUT_RETURN_TYPE = YES_ERROR;
				GCC_WARN_UNDECLARED_SELECTOR = YES;
				GCC_WARN_UNINITIALIZED_AUTOS = YES_AGGRESSIVE;
				GCC_WARN_UNUSED_FUNCTION = YES;
				GCC_WARN_UNUSED_VARIABLE = YES;
				IPHONEOS_DEPLOYMENT_TARGET = 13.2;
				MTL_ENABLE_DEBUG_INFO = NO;
				MTL_FAST_MATH = YES;
				SDKROOT = iphoneos;
				SWIFT_COMPILATION_MODE = wholemodule;
				SWIFT_OPTIMIZATION_LEVEL = "-O";
				VALIDATE_PRODUCT = YES;
			};
			name = Release;
		};
		29B224F8236C98E20026BFFA /* Debug */ = {
			isa = XCBuildConfiguration;
			buildSettings = {
				ASSETCATALOG_COMPILER_APPICON_NAME = AppIcon;
				CODE_SIGN_STYLE = Automatic;
				DEVELOPMENT_ASSET_PATHS = "\"CampusSafari/Preview Content\"";
				ENABLE_PREVIEWS = YES;
				INFOPLIST_FILE = CampusSafari/Info.plist;
				LD_RUNPATH_SEARCH_PATHS = (
					"$(inherited)",
					"@executable_path/Frameworks",
				);
				PRODUCT_BUNDLE_IDENTIFIER = com.9323.CampusSafari;
				PRODUCT_NAME = "$(TARGET_NAME)";
				SWIFT_VERSION = 5.0;
				TARGETED_DEVICE_FAMILY = "1,2";
			};
			name = Debug;
		};
		29B224F9236C98E20026BFFA /* Release */ = {
			isa = XCBuildConfiguration;
			buildSettings = {
				ASSETCATALOG_COMPILER_APPICON_NAME = AppIcon;
				CODE_SIGN_STYLE = Automatic;
				DEVELOPMENT_ASSET_PATHS = "\"CampusSafari/Preview Content\"";
				ENABLE_PREVIEWS = YES;
				INFOPLIST_FILE = CampusSafari/Info.plist;
				LD_RUNPATH_SEARCH_PATHS = (
					"$(inherited)",
					"@executable_path/Frameworks",
				);
				PRODUCT_BUNDLE_IDENTIFIER = com.9323.CampusSafari;
				PRODUCT_NAME = "$(TARGET_NAME)";
				SWIFT_VERSION = 5.0;
				TARGETED_DEVICE_FAMILY = "1,2";
			};
			name = Release;
		};
		29B224FB236C98E20026BFFA /* Debug */ = {
			isa = XCBuildConfiguration;
			buildSettings = {
				ALWAYS_EMBED_SWIFT_STANDARD_LIBRARIES = YES;
				BUNDLE_LOADER = "$(TEST_HOST)";
				CODE_SIGN_STYLE = Automatic;
				INFOPLIST_FILE = CampusSafariTests/Info.plist;
				IPHONEOS_DEPLOYMENT_TARGET = 13.2;
				LD_RUNPATH_SEARCH_PATHS = (
					"$(inherited)",
					"@executable_path/Frameworks",
					"@loader_path/Frameworks",
				);
				PRODUCT_BUNDLE_IDENTIFIER = com.9323.CampusSafariTests;
				PRODUCT_NAME = "$(TARGET_NAME)";
				SWIFT_VERSION = 5.0;
				TARGETED_DEVICE_FAMILY = "1,2";
				TEST_HOST = "$(BUILT_PRODUCTS_DIR)/CampusSafari.app/CampusSafari";
			};
			name = Debug;
		};
		29B224FC236C98E20026BFFA /* Release */ = {
			isa = XCBuildConfiguration;
			buildSettings = {
				ALWAYS_EMBED_SWIFT_STANDARD_LIBRARIES = YES;
				BUNDLE_LOADER = "$(TEST_HOST)";
				CODE_SIGN_STYLE = Automatic;
				INFOPLIST_FILE = CampusSafariTests/Info.plist;
				IPHONEOS_DEPLOYMENT_TARGET = 13.2;
				LD_RUNPATH_SEARCH_PATHS = (
					"$(inherited)",
					"@executable_path/Frameworks",
					"@loader_path/Frameworks",
				);
				PRODUCT_BUNDLE_IDENTIFIER = com.9323.CampusSafariTests;
				PRODUCT_NAME = "$(TARGET_NAME)";
				SWIFT_VERSION = 5.0;
				TARGETED_DEVICE_FAMILY = "1,2";
				TEST_HOST = "$(BUILT_PRODUCTS_DIR)/CampusSafari.app/CampusSafari";
			};
			name = Release;
		};
		29B224FE236C98E20026BFFA /* Debug */ = {
			isa = XCBuildConfiguration;
			buildSettings = {
				ALWAYS_EMBED_SWIFT_STANDARD_LIBRARIES = YES;
				CODE_SIGN_STYLE = Automatic;
				INFOPLIST_FILE = CampusSafariUITests/Info.plist;
				LD_RUNPATH_SEARCH_PATHS = (
					"$(inherited)",
					"@executable_path/Frameworks",
					"@loader_path/Frameworks",
				);
				PRODUCT_BUNDLE_IDENTIFIER = com.9323.CampusSafariUITests;
				PRODUCT_NAME = "$(TARGET_NAME)";
				SWIFT_VERSION = 5.0;
				TARGETED_DEVICE_FAMILY = "1,2";
				TEST_TARGET_NAME = CampusSafari;
			};
			name = Debug;
		};
		29B224FF236C98E20026BFFA /* Release */ = {
			isa = XCBuildConfiguration;
			buildSettings = {
				ALWAYS_EMBED_SWIFT_STANDARD_LIBRARIES = YES;
				CODE_SIGN_STYLE = Automatic;
				INFOPLIST_FILE = CampusSafariUITests/Info.plist;
				LD_RUNPATH_SEARCH_PATHS = (
					"$(inherited)",
					"@executable_path/Frameworks",
					"@loader_path/Frameworks",
				);
				PRODUCT_BUNDLE_IDENTIFIER = com.9323.CampusSafariUITests;
				PRODUCT_NAME = "$(TARGET_NAME)";
				SWIFT_VERSION = 5.0;
				TARGETED_DEVICE_FAMILY = "1,2";
				TEST_TARGET_NAME = CampusSafari;
			};
			name = Release;
		};
/* End XCBuildConfiguration section */

/* Begin XCConfigurationList section */
		29B224C8236C98DE0026BFFA /* Build configuration list for PBXProject "CampusSafari" */ = {
			isa = XCConfigurationList;
			buildConfigurations = (
				29B224F5236C98E20026BFFA /* Debug */,
				29B224F6236C98E20026BFFA /* Release */,
			);
			defaultConfigurationIsVisible = 0;
			defaultConfigurationName = Release;
		};
		29B224F7236C98E20026BFFA /* Build configuration list for PBXNativeTarget "CampusSafari" */ = {
			isa = XCConfigurationList;
			buildConfigurations = (
				29B224F8236C98E20026BFFA /* Debug */,
				29B224F9236C98E20026BFFA /* Release */,
			);
			defaultConfigurationIsVisible = 0;
			defaultConfigurationName = Release;
		};
		29B224FA236C98E20026BFFA /* Build configuration list for PBXNativeTarget "CampusSafariTests" */ = {
			isa = XCConfigurationList;
			buildConfigurations = (
				29B224FB236C98E20026BFFA /* Debug */,
				29B224FC236C98E20026BFFA /* Release */,
			);
			defaultConfigurationIsVisible = 0;
			defaultConfigurationName = Release;
		};
		29B224FD236C98E20026BFFA /* Build configuration list for PBXNativeTarget "CampusSafariUITests" */ = {
			isa = XCConfigurationList;
			buildConfigurations = (
				29B224FE236C98E20026BFFA /* Debug */,
				29B224FF236C98E20026BFFA /* Release */,
			);
			defaultConfigurationIsVisible = 0;
			defaultConfigurationName = Release;
		};
/* End XCConfigurationList section */
	};
	rootObject = 29B224C5236C98DE0026BFFA /* Project object */;
}
